
Microsoft Visual Studio Solution File, Format Version 12.00
# Visual Studio 15
VisualStudioVersion = 15.0.28010.2041
MinimumVisualStudioVersion = 10.0.40219.1
Project("{151D2E53-A2C4-4D7D-83FE-D05416EBD58E}") = "AzureResourceGroup1", "AzureResourceGroup1\AzureResourceGroup1.deployproj", "{781737C4-F612-49DF-8935-8172E13FD892}"
EndProject
Global
	GlobalSection(SolutionConfigurationPlatforms) = preSolution
		Debug|Any CPU = Debug|Any CPU
		Release|Any CPU = Release|Any CPU
	EndGlobalSection
	GlobalSection(ProjectConfigurationPlatforms) = postSolution
		{781737C4-F612-49DF-8935-8172E13FD892}.Debug|Any CPU.ActiveCfg = Debug|Any CPU
		{781737C4-F612-49DF-8935-8172E13FD892}.Debug|Any CPU.Build.0 = Debug|Any CPU
		{781737C4-F612-49DF-8935-8172E13FD892}.Release|Any CPU.ActiveCfg = Release|Any CPU
		{781737C4-F612-49DF-8935-8172E13FD892}.Release|Any CPU.Build.0 = Release|Any CPU
	EndGlobalSection
	GlobalSection(SolutionProperties) = preSolution
		HideSolutionNode = FALSE
	EndGlobalSection
	GlobalSection(ExtensibilityGlobals) = postSolution
		SolutionGuid = {5AAED3B7-F7EB-4C73-815A-2853D4C6976F}
	EndGlobalSection
EndGlobal
