
Microsoft Visual Studio Solution File, Format Version 12.00
# Visual Studio 15
VisualStudioVersion = 15.0.28010.2041
MinimumVisualStudioVersion = 10.0.40219.1
Project("{151D2E53-A2C4-4D7D-83FE-D05416EBD58E}") = "AzureResourceGroup1", "AzureResourceGroup1\AzureResourceGroup1.deployproj", "{781737C4-F612-49DF-8935-8172E13FD892}"
EndProject
Project("{151D2E53-A2C4-4D7D-83FE-D05416EBD58E}") = "AzureResourceGroup2", "AzureResourceGroup2\AzureResourceGroup2.deployproj", "{6FA4E3A2-4F81-495B-9C96-EC3DA618A9CA}"
EndProject
Project("{151D2E53-A2C4-4D7D-83FE-D05416EBD58E}") = "2subnetincVM", "2subnetincVM\2subnetincVM.deployproj", "{520EA126-590E-4C2A-848E-18DB8DDFEA55}"
EndProject
Project("{151D2E53-A2C4-4D7D-83FE-D05416EBD58E}") = "101-application-gateway-waf", "101-application-gateway-waf\101-application-gateway-waf.deployproj", "{EB3D367E-DE30-4A36-B491-94C9E711BE50}"
EndProject
Global
	GlobalSection(SolutionConfigurationPlatforms) = preSolution
		Debug|Any CPU = Debug|Any CPU
		Release|Any CPU = Release|Any CPU
	EndGlobalSection
	GlobalSection(ProjectConfigurationPlatforms) = postSolution
		{781737C4-F612-49DF-8935-8172E13FD892}.Debug|Any CPU.ActiveCfg = Debug|Any CPU
		{781737C4-F612-49DF-8935-8172E13FD892}.Debug|Any CPU.Build.0 = Debug|Any CPU
		{781737C4-F612-49DF-8935-8172E13FD892}.Release|Any CPU.ActiveCfg = Release|Any CPU
		{781737C4-F612-49DF-8935-8172E13FD892}.Release|Any CPU.Build.0 = Release|Any CPU
		{6FA4E3A2-4F81-495B-9C96-EC3DA618A9CA}.Debug|Any CPU.ActiveCfg = Debug|Any CPU
		{6FA4E3A2-4F81-495B-9C96-EC3DA618A9CA}.Debug|Any CPU.Build.0 = Debug|Any CPU
		{6FA4E3A2-4F81-495B-9C96-EC3DA618A9CA}.Release|Any CPU.ActiveCfg = Release|Any CPU
		{6FA4E3A2-4F81-495B-9C96-EC3DA618A9CA}.Release|Any CPU.Build.0 = Release|Any CPU
		{520EA126-590E-4C2A-848E-18DB8DDFEA55}.Debug|Any CPU.ActiveCfg = Debug|Any CPU
		{520EA126-590E-4C2A-848E-18DB8DDFEA55}.Debug|Any CPU.Build.0 = Debug|Any CPU
		{520EA126-590E-4C2A-848E-18DB8DDFEA55}.Release|Any CPU.ActiveCfg = Release|Any CPU
		{520EA126-590E-4C2A-848E-18DB8DDFEA55}.Release|Any CPU.Build.0 = Release|Any CPU
		{EB3D367E-DE30-4A36-B491-94C9E711BE50}.Debug|Any CPU.ActiveCfg = Debug|Any CPU
		{EB3D367E-DE30-4A36-B491-94C9E711BE50}.Debug|Any CPU.Build.0 = Debug|Any CPU
		{EB3D367E-DE30-4A36-B491-94C9E711BE50}.Release|Any CPU.ActiveCfg = Release|Any CPU
		{EB3D367E-DE30-4A36-B491-94C9E711BE50}.Release|Any CPU.Build.0 = Release|Any CPU
	EndGlobalSection
	GlobalSection(SolutionProperties) = preSolution
		HideSolutionNode = FALSE
	EndGlobalSection
	GlobalSection(ExtensibilityGlobals) = postSolution
		SolutionGuid = {5AAED3B7-F7EB-4C73-815A-2853D4C6976F}
	EndGlobalSection
EndGlobal
